
Microsoft Visual Studio Solution File, Format Version 12.00
Project("{FAE04EC0-301F-11D3-BF4B-00C04F79EFBC}") = "uptobox-dl", "uptobox-dl\uptobox-dl.csproj", "{BDD14CF8-1AF2-4ED7-8124-0CC8C12089C0}"
EndProject
Project("{FAE04EC0-301F-11D3-BF4B-00C04F79EFBC}") = "uptobox-dl.Tests", "uptobox-dl.Tests\uptobox-dl.Tests.csproj", "{987FB973-94D9-4100-841E-83BBE0359017}"
EndProject
Global
	GlobalSection(SolutionConfigurationPlatforms) = preSolution
		Debug|Any CPU = Debug|Any CPU
		Release|Any CPU = Release|Any CPU
	EndGlobalSection
	GlobalSection(ProjectConfigurationPlatforms) = postSolution
		{BDD14CF8-1AF2-4ED7-8124-0CC8C12089C0}.Debug|Any CPU.ActiveCfg = Debug|Any CPU
		{BDD14CF8-1AF2-4ED7-8124-0CC8C12089C0}.Debug|Any CPU.Build.0 = Debug|Any CPU
		{BDD14CF8-1AF2-4ED7-8124-0CC8C12089C0}.Release|Any CPU.ActiveCfg = Release|Any CPU
		{BDD14CF8-1AF2-4ED7-8124-0CC8C12089C0}.Release|Any CPU.Build.0 = Release|Any CPU
		{987FB973-94D9-4100-841E-83BBE0359017}.Debug|Any CPU.ActiveCfg = Debug|Any CPU
		{987FB973-94D9-4100-841E-83BBE0359017}.Debug|Any CPU.Build.0 = Debug|Any CPU
		{987FB973-94D9-4100-841E-83BBE0359017}.Release|Any CPU.ActiveCfg = Release|Any CPU
		{987FB973-94D9-4100-841E-83BBE0359017}.Release|Any CPU.Build.0 = Release|Any CPU
	EndGlobalSection
EndGlobal
